
Microsoft Visual Studio Solution File, Format Version 10.00
# Visual Studio 2008
Project("{8BC9CEB8-8B4A-11D0-8D11-00A0C91BC942}") = "spc2_pack", "spc2_pack\spc2_pack.vcproj", "{DC60B8DD-25AB-4F9C-8B53-5EDD47B3E76B}"
EndProject
Global
	GlobalSection(SolutionConfigurationPlatforms) = preSolution
		Debug|Win32 = Debug|Win32
		Release|Win32 = Release|Win32
	EndGlobalSection
	GlobalSection(ProjectConfigurationPlatforms) = postSolution
		{DC60B8DD-25AB-4F9C-8B53-5EDD47B3E76B}.Debug|Win32.ActiveCfg = Debug|Win32
		{DC60B8DD-25AB-4F9C-8B53-5EDD47B3E76B}.Debug|Win32.Build.0 = Debug|Win32
		{DC60B8DD-25AB-4F9C-8B53-5EDD47B3E76B}.Release|Win32.ActiveCfg = Release|Win32
		{DC60B8DD-25AB-4F9C-8B53-5EDD47B3E76B}.Release|Win32.Build.0 = Release|Win32
	EndGlobalSection
	GlobalSection(SolutionProperties) = preSolution
		HideSolutionNode = FALSE
	EndGlobalSection
EndGlobal
